
Microsoft Visual Studio Solution File, Format Version 12.00
# Visual Studio 15
VisualStudioVersion = 15.0.28307.489
MinimumVisualStudioVersion = 10.0.40219.1
Project("{FAE04EC0-301F-11D3-BF4B-00C04F79EFBC}") = "LocalDatabaseFileExample", "LocalDatabaseFileExample\LocalDatabaseFileExample.csproj", "{5A8B2709-0887-4320-B23A-FFB4479FB8BF}"
EndProject
Project("{FAE04EC0-301F-11D3-BF4B-00C04F79EFBC}") = "DataBaseFileProject", "DataBaseFileProject\DataBaseFileProject.csproj", "{EDE279DB-9CE3-4774-A679-54D8C719DD5C}"
EndProject
Project("{2150E333-8FDC-42A3-9474-1A3956D46DE8}") = "Solution Items", "Solution Items", "{A4F18D41-D9EE-4D55-9025-CC9458057502}"
	ProjectSection(SolutionItems) = preProject
		NuGet.config = NuGet.config
	EndProjectSection
EndProject
Global
	GlobalSection(SolutionConfigurationPlatforms) = preSolution
		Debug|Any CPU = Debug|Any CPU
		Release|Any CPU = Release|Any CPU
	EndGlobalSection
	GlobalSection(ProjectConfigurationPlatforms) = postSolution
		{5A8B2709-0887-4320-B23A-FFB4479FB8BF}.Debug|Any CPU.ActiveCfg = Debug|Any CPU
		{5A8B2709-0887-4320-B23A-FFB4479FB8BF}.Debug|Any CPU.Build.0 = Debug|Any CPU
		{5A8B2709-0887-4320-B23A-FFB4479FB8BF}.Release|Any CPU.ActiveCfg = Release|Any CPU
		{5A8B2709-0887-4320-B23A-FFB4479FB8BF}.Release|Any CPU.Build.0 = Release|Any CPU
		{EDE279DB-9CE3-4774-A679-54D8C719DD5C}.Debug|Any CPU.ActiveCfg = Debug|Any CPU
		{EDE279DB-9CE3-4774-A679-54D8C719DD5C}.Debug|Any CPU.Build.0 = Debug|Any CPU
		{EDE279DB-9CE3-4774-A679-54D8C719DD5C}.Release|Any CPU.ActiveCfg = Release|Any CPU
		{EDE279DB-9CE3-4774-A679-54D8C719DD5C}.Release|Any CPU.Build.0 = Release|Any CPU
	EndGlobalSection
	GlobalSection(SolutionProperties) = preSolution
		HideSolutionNode = FALSE
	EndGlobalSection
	GlobalSection(ExtensibilityGlobals) = postSolution
		SolutionGuid = {C4375CF0-3D40-425E-BD8F-4BE66EBA4608}
	EndGlobalSection
EndGlobal
